
Microsoft Visual Studio Solution File, Format Version 12.00
# Visual Studio Version 17
VisualStudioVersion = 17.5.33424.131
MinimumVisualStudioVersion = 10.0.40219.1
Project("{9A19103F-16F7-4668-BE54-9A1E7A4F7556}") = "BlazingPizza.Server", "BlazingPizza\Server\BlazingPizza.Server.csproj", "{251E3864-8658-4C06-8A9C-9EABA5D65BE4}"
EndProject
Project("{9A19103F-16F7-4668-BE54-9A1E7A4F7556}") = "BlazingPizza.Client", "BlazingPizza\Client\BlazingPizza.Client.csproj", "{BBFBD35E-7FFD-4082-AD58-94C86151A30C}"
EndProject
Project("{9A19103F-16F7-4668-BE54-9A1E7A4F7556}") = "BlazingPizza.Shared", "BlazingPizza\Shared\BlazingPizza.Shared.csproj", "{FC56893A-4B76-4C13-8DD7-2B3A20108786}"
EndProject
Global
	GlobalSection(SolutionConfigurationPlatforms) = preSolution
		Debug|Any CPU = Debug|Any CPU
		Release|Any CPU = Release|Any CPU
	EndGlobalSection
	GlobalSection(ProjectConfigurationPlatforms) = postSolution
		{251E3864-8658-4C06-8A9C-9EABA5D65BE4}.Debug|Any CPU.ActiveCfg = Debug|Any CPU
		{251E3864-8658-4C06-8A9C-9EABA5D65BE4}.Debug|Any CPU.Build.0 = Debug|Any CPU
		{251E3864-8658-4C06-8A9C-9EABA5D65BE4}.Release|Any CPU.ActiveCfg = Release|Any CPU
		{251E3864-8658-4C06-8A9C-9EABA5D65BE4}.Release|Any CPU.Build.0 = Release|Any CPU
		{BBFBD35E-7FFD-4082-AD58-94C86151A30C}.Debug|Any CPU.ActiveCfg = Debug|Any CPU
		{BBFBD35E-7FFD-4082-AD58-94C86151A30C}.Debug|Any CPU.Build.0 = Debug|Any CPU
		{BBFBD35E-7FFD-4082-AD58-94C86151A30C}.Release|Any CPU.ActiveCfg = Release|Any CPU
		{BBFBD35E-7FFD-4082-AD58-94C86151A30C}.Release|Any CPU.Build.0 = Release|Any CPU
		{FC56893A-4B76-4C13-8DD7-2B3A20108786}.Debug|Any CPU.ActiveCfg = Debug|Any CPU
		{FC56893A-4B76-4C13-8DD7-2B3A20108786}.Debug|Any CPU.Build.0 = Debug|Any CPU
		{FC56893A-4B76-4C13-8DD7-2B3A20108786}.Release|Any CPU.ActiveCfg = Release|Any CPU
		{FC56893A-4B76-4C13-8DD7-2B3A20108786}.Release|Any CPU.Build.0 = Release|Any CPU
	EndGlobalSection
	GlobalSection(SolutionProperties) = preSolution
		HideSolutionNode = FALSE
	EndGlobalSection
	GlobalSection(ExtensibilityGlobals) = postSolution
		SolutionGuid = {F03A9010-FFB3-41B1-86D3-A2DD43A9E876}
	EndGlobalSection
EndGlobal
